lockfileVersion: '6.0'

settings:
  autoInstallPeers: true
  excludeLinksFromLockfile: false

devDependencies:
  '@vue/tsconfig':
    specifier: ^0.5.1
    version: 0.5.1

packages:

  /@vue/tsconfig@0.5.1:
    resolution: {integrity: sha512-VcZK7MvpjuTPx2w6blwnwZAu5/LgBUtejFOi3pPGQFXQN5Ela03FUtd2Qtg4yWGGissVL0dr6Ro1LfOFh+PCuQ==}
    dev: true
